{
  "name": "estimator-generator",
  "version": "1.0.0",
  "lockfileVersion": 3,
  "requires": true,
  "packages": {
    "": {
      "name": "estimator-generator",
      "version": "1.0.0",
      "license": "MIT",
      "bin": {
        "estimator": "src/generate.js"
      },
      "engines": {
        "node": ">=22.0.0"
      }
    }
  }
}
